
Microsoft Visual Studio Solution File, Format Version 12.00
# Visual Studio 14
VisualStudioVersion = 14.0.23107.0
MinimumVisualStudioVersion = 10.0.40219.1
Project("{FAE04EC0-301F-11D3-BF4B-00C04F79EFBC}") = "AutomaticImageClassification", "AutomaticImageClassification\AutomaticImageClassification.csproj", "{0C27D2A1-BE6B-45A6-9EDB-A65D9A7D7891}"
EndProject
Project("{FAE04EC0-301F-11D3-BF4B-00C04F79EFBC}") = "AutomaticImageClassificationTests", "AutomaticImageClassificationTests\AutomaticImageClassificationTests.csproj", "{CA9AB2A6-B859-4999-9A55-8C136097BA3C}"
EndProject
Global
	GlobalSection(SolutionConfigurationPlatforms) = preSolution
		Debug|Any CPU = Debug|Any CPU
		Release|Any CPU = Release|Any CPU
	EndGlobalSection
	GlobalSection(ProjectConfigurationPlatforms) = postSolution
		{0C27D2A1-BE6B-45A6-9EDB-A65D9A7D7891}.Debug|Any CPU.ActiveCfg = Debug|Any CPU
		{0C27D2A1-BE6B-45A6-9EDB-A65D9A7D7891}.Debug|Any CPU.Build.0 = Debug|Any CPU
		{0C27D2A1-BE6B-45A6-9EDB-A65D9A7D7891}.Release|Any CPU.ActiveCfg = Release|Any CPU
		{0C27D2A1-BE6B-45A6-9EDB-A65D9A7D7891}.Release|Any CPU.Build.0 = Release|Any CPU
		{CA9AB2A6-B859-4999-9A55-8C136097BA3C}.Debug|Any CPU.ActiveCfg = Debug|Any CPU
		{CA9AB2A6-B859-4999-9A55-8C136097BA3C}.Debug|Any CPU.Build.0 = Debug|Any CPU
		{CA9AB2A6-B859-4999-9A55-8C136097BA3C}.Release|Any CPU.ActiveCfg = Release|Any CPU
		{CA9AB2A6-B859-4999-9A55-8C136097BA3C}.Release|Any CPU.Build.0 = Release|Any CPU
	EndGlobalSection
	GlobalSection(SolutionProperties) = preSolution
		HideSolutionNode = FALSE
	EndGlobalSection
EndGlobal
